// !$*UTF8*$!
{
	archiveVersion = 1;
	classes = {
	};
	objectVersion = 50;
	objects = {

/* Begin PBXBuildFile section */
		170D6A5525EBF25B00078C22 /* DesignCodeDemoApp.swift in Sources */ = {isa = PBXBuildFile; fileRef = 170D6A5425EBF25B00078C22 /* DesignCodeDemoApp.swift */; };
		170D6A5725EBF25B00078C22 /* ContentView.swift in Sources */ = {isa = PBXBuildFile; fileRef = 170D6A5625EBF25B00078C22 /* ContentView.swift */; };
		170D6A5925EBF26000078C22 /* Assets.xcassets in Resources */ = {isa = PBXBuildFile; fileRef = 170D6A5825EBF26000078C22 /* Assets.xcassets */; };
		170D6A5C25EBF26000078C22 /* Preview Assets.xcassets in Resources */ = {isa = PBXBuildFile; fileRef = 170D6A5B25EBF26000078C22 /* Preview Assets.xcassets */; };
		170D6A6525EBF27800078C22 /* ShapesView.swift in Sources */ = {isa = PBXBuildFile; fileRef = 170D6A6425EBF27800078C22 /* ShapesView.swift */; };
		1711952525ECB3FF00EAF561 /* BindingView.swift in Sources */ = {isa = PBXBuildFile; fileRef = 1711952425ECB3FF00EAF561 /* BindingView.swift */; };
		1711952825ECB8CB00EAF561 /* ModalView.swift in Sources */ = {isa = PBXBuildFile; fileRef = 1711952725ECB8CB00EAF561 /* ModalView.swift */; };
		1711952B25ECB9ED00EAF561 /* CustomModalView.swift in Sources */ = {isa = PBXBuildFile; fileRef = 1711952A25ECB9ED00EAF561 /* CustomModalView.swift */; };
		1711952E25ECBA2F00EAF561 /* SignInView.swift in Sources */ = {isa = PBXBuildFile; fileRef = 1711952D25ECBA2F00EAF561 /* SignInView.swift */; };
		1711953125EE342000EAF561 /* LinkView.swift in Sources */ = {isa = PBXBuildFile; fileRef = 1711953025EE342000EAF561 /* LinkView.swift */; };
		1711953425EE81AD00EAF561 /* MaxView.swift in Sources */ = {isa = PBXBuildFile; fileRef = 1711953325EE81AD00EAF561 /* MaxView.swift */; };
		1711953725EE845B00EAF561 /* TextView.swift in Sources */ = {isa = PBXBuildFile; fileRef = 1711953625EE845B00EAF561 /* TextView.swift */; };
		1711953A25EFB44700EAF561 /* VideoView.swift in Sources */ = {isa = PBXBuildFile; fileRef = 1711953925EFB44700EAF561 /* VideoView.swift */; };
		1711953D25EFB6DD00EAF561 /* SidebarView.swift in Sources */ = {isa = PBXBuildFile; fileRef = 1711953C25EFB6DD00EAF561 /* SidebarView.swift */; };
		1711954025EFB76800EAF561 /* HomeView.swift in Sources */ = {isa = PBXBuildFile; fileRef = 1711953F25EFB76800EAF561 /* HomeView.swift */; };
		1711954325EFB9D400EAF561 /* DateFormatter.swift in Sources */ = {isa = PBXBuildFile; fileRef = 1711954225EFB9D400EAF561 /* DateFormatter.swift */; };
		1711954625EFBCD200EAF561 /* ShareSheetView.swift in Sources */ = {isa = PBXBuildFile; fileRef = 1711954525EFBCD200EAF561 /* ShareSheetView.swift */; };
		17B55C8E25F34E6700A05414 /* animalData.json in Resources */ = {isa = PBXBuildFile; fileRef = 17B55C8D25F34E6700A05414 /* animalData.json */; };
		17B55C9125F34E9C00A05414 /* StatusBarView.swift in Sources */ = {isa = PBXBuildFile; fileRef = 17B55C9025F34E9C00A05414 /* StatusBarView.swift */; };
		17D532B425F21D9600FAF877 /* DatePickerView.swift in Sources */ = {isa = PBXBuildFile; fileRef = 17D532B325F21D9600FAF877 /* DatePickerView.swift */; };
		17D532BB25F224BB00FAF877 /* BidirectionalCollection.swift in Sources */ = {isa = PBXBuildFile; fileRef = 17D532BA25F224BB00FAF877 /* BidirectionalCollection.swift */; };
		17D532BF25F2277E00FAF877 /* Animal.swift in Sources */ = {isa = PBXBuildFile; fileRef = 17D532BE25F2277E00FAF877 /* Animal.swift */; };
		17D532C325F22A1F00FAF877 /* AnimalView.swift in Sources */ = {isa = PBXBuildFile; fileRef = 17D532C225F22A1F00FAF877 /* AnimalView.swift */; };
		17D532C625F22A7200FAF877 /* ModelData.swift in Sources */ = {isa = PBXBuildFile; fileRef = 17D532C525F22A7200FAF877 /* ModelData.swift */; };
		17D59B6925F0F3D200D50C8C /* LazyGridView.swift in Sources */ = {isa = PBXBuildFile; fileRef = 17D59B6825F0F3D200D50C8C /* LazyGridView.swift */; };
		17D59B6C25F1024800D50C8C /* StaticDataView.swift in Sources */ = {isa = PBXBuildFile; fileRef = 17D59B6B25F1024800D50C8C /* StaticDataView.swift */; };
		17EE441725F0AD0A00CE21B2 /* ToolbarView.swift in Sources */ = {isa = PBXBuildFile; fileRef = 17EE441625F0AD0A00CE21B2 /* ToolbarView.swift */; };
		17EE441A25F0B30600CE21B2 /* TransitionView.swift in Sources */ = {isa = PBXBuildFile; fileRef = 17EE441925F0B30600CE21B2 /* TransitionView.swift */; };
/* End PBXBuildFile section */

/* Begin PBXFileReference section */
		170D6A5125EBF25B00078C22 /* DesignCodeDemo.app */ = {isa = PBXFileReference; explicitFileType = wrapper.application; includeInIndex = 0; path = DesignCodeDemo.app; sourceTree = BUILT_PRODUCTS_DIR; };
		170D6A5425EBF25B00078C22 /* DesignCodeDemoApp.swift */ = {isa = PBXFileReference; lastKnownFileType = sourcecode.swift; path = DesignCodeDemoApp.swift; sourceTree = "<group>"; };
		170D6A5625EBF25B00078C22 /* ContentView.swift */ = {isa = PBXFileReference; lastKnownFileType = sourcecode.swift; path = ContentView.swift; sourceTree = "<group>"; };
		170D6A5825EBF26000078C22 /* Assets.xcassets */ = {isa = PBXFileReference; lastKnownFileType = folder.assetcatalog; path = Assets.xcassets; sourceTree = "<group>"; };
		170D6A5B25EBF26000078C22 /* Preview Assets.xcassets */ = {isa = PBXFileReference; lastKnownFileType = folder.assetcatalog; path = "Preview Assets.xcassets"; sourceTree = "<group>"; };
		170D6A5D25EBF26000078C22 /* Info.plist */ = {isa = PBXFileReference; lastKnownFileType = text.plist.xml; path = Info.plist; sourceTree = "<group>"; };
		170D6A6425EBF27800078C22 /* ShapesView.swift */ = {isa = PBXFileReference; lastKnownFileType = sourcecode.swift; path = ShapesView.swift; sourceTree = "<group>"; };
		1711952425ECB3FF00EAF561 /* BindingView.swift */ = {isa = PBXFileReference; lastKnownFileType = sourcecode.swift; path = BindingView.swift; sourceTree = "<group>"; };
		1711952725ECB8CB00EAF561 /* ModalView.swift */ = {isa = PBXFileReference; lastKnownFileType = sourcecode.swift; path = ModalView.swift; sourceTree = "<group>"; };
		1711952A25ECB9ED00EAF561 /* CustomModalView.swift */ = {isa = PBXFileReference; lastKnownFileType = sourcecode.swift; path = CustomModalView.swift; sourceTree = "<group>"; };
		1711952D25ECBA2F00EAF561 /* SignInView.swift */ = {isa = PBXFileReference; lastKnownFileType = sourcecode.swift; path = SignInView.swift; sourceTree = "<group>"; };
		1711953025EE342000EAF561 /* LinkView.swift */ = {isa = PBXFileReference; lastKnownFileType = sourcecode.swift; path = LinkView.swift; sourceTree = "<group>"; };
		1711953325EE81AD00EAF561 /* MaxView.swift */ = {isa = PBXFileReference; lastKnownFileType = sourcecode.swift; path = MaxView.swift; sourceTree = "<group>"; };
		1711953625EE845B00EAF561 /* TextView.swift */ = {isa = PBXFileReference; lastKnownFileType = sourcecode.swift; path = TextView.swift; sourceTree = "<group>"; };
		1711953925EFB44700EAF561 /* VideoView.swift */ = {isa = PBXFileReference; lastKnownFileType = sourcecode.swift; path = VideoView.swift; sourceTree = "<group>"; };
		1711953C25EFB6DD00EAF561 /* SidebarView.swift */ = {isa = PBXFileReference; lastKnownFileType = sourcecode.swift; path = SidebarView.swift; sourceTree = "<group>"; };
		1711953F25EFB76800EAF561 /* HomeView.swift */ = {isa = PBXFileReference; lastKnownFileType = sourcecode.swift; path = HomeView.swift; sourceTree = "<group>"; };
		1711954225EFB9D400EAF561 /* DateFormatter.swift */ = {isa = PBXFileReference; lastKnownFileType = sourcecode.swift; path = DateFormatter.swift; sourceTree = "<group>"; };
		1711954525EFBCD200EAF561 /* ShareSheetView.swift */ = {isa = PBXFileReference; lastKnownFileType = sourcecode.swift; path = ShareSheetView.swift; sourceTree = "<group>"; };
		17B55C8D25F34E6700A05414 /* animalData.json */ = {isa = PBXFileReference; fileEncoding = 4; lastKnownFileType = text.json; path = animalData.json; sourceTree = "<group>"; };
		17B55C9025F34E9C00A05414 /* StatusBarView.swift */ = {isa = PBXFileReference; lastKnownFileType = sourcecode.swift; path = StatusBarView.swift; sourceTree = "<group>"; };
		17D532B325F21D9600FAF877 /* DatePickerView.swift */ = {isa = PBXFileReference; lastKnownFileType = sourcecode.swift; path = DatePickerView.swift; sourceTree = "<group>"; };
		17D532BA25F224BB00FAF877 /* BidirectionalCollection.swift */ = {isa = PBXFileReference; lastKnownFileType = sourcecode.swift; path = BidirectionalCollection.swift; sourceTree = "<group>"; };
		17D532BE25F2277E00FAF877 /* Animal.swift */ = {isa = PBXFileReference; lastKnownFileType = sourcecode.swift; path = Animal.swift; sourceTree = "<group>"; };
		17D532C225F22A1F00FAF877 /* AnimalView.swift */ = {isa = PBXFileReference; lastKnownFileType = sourcecode.swift; path = AnimalView.swift; sourceTree = "<group>"; };
		17D532C525F22A7200FAF877 /* ModelData.swift */ = {isa = PBXFileReference; lastKnownFileType = sourcecode.swift; path = ModelData.swift; sourceTree = "<group>"; };
		17D59B6825F0F3D200D50C8C /* LazyGridView.swift */ = {isa = PBXFileReference; lastKnownFileType = sourcecode.swift; path = LazyGridView.swift; sourceTree = "<group>"; };
		17D59B6B25F1024800D50C8C /* StaticDataView.swift */ = {isa = PBXFileReference; lastKnownFileType = sourcecode.swift; path = StaticDataView.swift; sourceTree = "<group>"; };
		17EE441625F0AD0A00CE21B2 /* ToolbarView.swift */ = {isa = PBXFileReference; lastKnownFileType = sourcecode.swift; path = ToolbarView.swift; sourceTree = "<group>"; };
		17EE441925F0B30600CE21B2 /* TransitionView.swift */ = {isa = PBXFileReference; lastKnownFileType = sourcecode.swift; path = TransitionView.swift; sourceTree = "<group>"; };
/* End PBXFileReference section */

/* Begin PBXFrameworksBuildPhase section */
		170D6A4E25EBF25B00078C22 /* Frameworks */ = {
			isa = PBXFrameworksBuildPhase;
			buildActionMask = 2147483647;
			files = (
			);
			runOnlyForDeploymentPostprocessing = 0;
		};
/* End PBXFrameworksBuildPhase section */

/* Begin PBXGroup section */
		170D6A4825EBF25B00078C22 = {
			isa = PBXGroup;
			children = (
				170D6A5325EBF25B00078C22 /* DesignCodeDemo */,
				170D6A5225EBF25B00078C22 /* Products */,
			);
			sourceTree = "<group>";
		};
		170D6A5225EBF25B00078C22 /* Products */ = {
			isa = PBXGroup;
			children = (
				170D6A5125EBF25B00078C22 /* DesignCodeDemo.app */,
			);
			name = Products;
			sourceTree = "<group>";
		};
		170D6A5325EBF25B00078C22 /* DesignCodeDemo */ = {
			isa = PBXGroup;
			children = (
				170D6A5425EBF25B00078C22 /* DesignCodeDemoApp.swift */,
				170D6A5625EBF25B00078C22 /* ContentView.swift */,
				17EE441925F0B30600CE21B2 /* TransitionView.swift */,
				17D59B6825F0F3D200D50C8C /* LazyGridView.swift */,
				17D59B6B25F1024800D50C8C /* StaticDataView.swift */,
				1711954525EFBCD200EAF561 /* ShareSheetView.swift */,
				1711952725ECB8CB00EAF561 /* ModalView.swift */,
				1711952A25ECB9ED00EAF561 /* CustomModalView.swift */,
				1711953025EE342000EAF561 /* LinkView.swift */,
				1711952D25ECBA2F00EAF561 /* SignInView.swift */,
				1711952425ECB3FF00EAF561 /* BindingView.swift */,
				1711953325EE81AD00EAF561 /* MaxView.swift */,
				1711953625EE845B00EAF561 /* TextView.swift */,
				1711953925EFB44700EAF561 /* VideoView.swift */,
				1711953C25EFB6DD00EAF561 /* SidebarView.swift */,
				17EE441625F0AD0A00CE21B2 /* ToolbarView.swift */,
				1711953F25EFB76800EAF561 /* HomeView.swift */,
				17D532B325F21D9600FAF877 /* DatePickerView.swift */,
				170D6A6425EBF27800078C22 /* ShapesView.swift */,
				17B55C9025F34E9C00A05414 /* StatusBarView.swift */,
				1711954225EFB9D400EAF561 /* DateFormatter.swift */,
				17D532BA25F224BB00FAF877 /* BidirectionalCollection.swift */,
				17D532BE25F2277E00FAF877 /* Animal.swift */,
				17D532C225F22A1F00FAF877 /* AnimalView.swift */,
				17D532C525F22A7200FAF877 /* ModelData.swift */,
				170D6A5825EBF26000078C22 /* Assets.xcassets */,
				17B55C8D25F34E6700A05414 /* animalData.json */,
				170D6A5D25EBF26000078C22 /* Info.plist */,
				170D6A5A25EBF26000078C22 /* Preview Content */,
			);
			path = DesignCodeDemo;
			sourceTree = "<group>";
		};
		170D6A5A25EBF26000078C22 /* Preview Content */ = {
			isa = PBXGroup;
			children = (
				170D6A5B25EBF26000078C22 /* Preview Assets.xcassets */,
			);
			path = "Preview Content";
			sourceTree = "<group>";
		};
/* End PBXGroup section */

/* Begin PBXNativeTarget section */
		170D6A5025EBF25B00078C22 /* DesignCodeDemo */ = {
			isa = PBXNativeTarget;
			buildConfigurationList = 170D6A6025EBF26000078C22 /* Build configuration list for PBXNativeTarget "DesignCodeDemo" */;
			buildPhases = (
				170D6A4D25EBF25B00078C22 /* Sources */,
				170D6A4E25EBF25B00078C22 /* Frameworks */,
				170D6A4F25EBF25B00078C22 /* Resources */,
			);
			buildRules = (
			);
			dependencies = (
			);
			name = DesignCodeDemo;
			productName = DesignCodeDemo;
			productReference = 170D6A5125EBF25B00078C22 /* DesignCodeDemo.app */;
			productType = "com.apple.product-type.application";
		};
/* End PBXNativeTarget section */

/* Begin PBXProject section */
		170D6A4925EBF25B00078C22 /* Project object */ = {
			isa = PBXProject;
			attributes = {
				LastSwiftUpdateCheck = 1220;
				LastUpgradeCheck = 1220;
				TargetAttributes = {
					170D6A5025EBF25B00078C22 = {
						CreatedOnToolsVersion = 12.2;
					};
				};
			};
			buildConfigurationList = 170D6A4C25EBF25B00078C22 /* Build configuration list for PBXProject "DesignCodeDemo" */;
			compatibilityVersion = "Xcode 9.3";
			developmentRegion = en;
			hasScannedForEncodings = 0;
			knownRegions = (
				en,
				Base,
			);
			mainGroup = 170D6A4825EBF25B00078C22;
			productRefGroup = 170D6A5225EBF25B00078C22 /* Products */;
			projectDirPath = "";
			projectRoot = "";
			targets = (
				170D6A5025EBF25B00078C22 /* DesignCodeDemo */,
			);
		};
/* End PBXProject section */

/* Begin PBXResourcesBuildPhase section */
		170D6A4F25EBF25B00078C22 /* Resources */ = {
			isa = PBXResourcesBuildPhase;
			buildActionMask = 2147483647;
			files = (
				170D6A5C25EBF26000078C22 /* Preview Assets.xcassets in Resources */,
				170D6A5925EBF26000078C22 /* Assets.xcassets in Resources */,
				17B55C8E25F34E6700A05414 /* animalData.json in Resources */,
			);
			runOnlyForDeploymentPostprocessing = 0;
		};
/* End PBXResourcesBuildPhase section */

/* Begin PBXSourcesBuildPhase section */
		170D6A4D25EBF25B00078C22 /* Sources */ = {
			isa = PBXSourcesBuildPhase;
			buildActionMask = 2147483647;
			files = (
				17EE441A25F0B30600CE21B2 /* TransitionView.swift in Sources */,
				17D532BB25F224BB00FAF877 /* BidirectionalCollection.swift in Sources */,
				170D6A5725EBF25B00078C22 /* ContentView.swift in Sources */,
				17D59B6925F0F3D200D50C8C /* LazyGridView.swift in Sources */,
				1711952E25ECBA2F00EAF561 /* SignInView.swift in Sources */,
				17D532C625F22A7200FAF877 /* ModelData.swift in Sources */,
				1711954025EFB76800EAF561 /* HomeView.swift in Sources */,
				17D532C325F22A1F00FAF877 /* AnimalView.swift in Sources */,
				1711953125EE342000EAF561 /* LinkView.swift in Sources */,
				17D532B425F21D9600FAF877 /* DatePickerView.swift in Sources */,
				170D6A5525EBF25B00078C22 /* DesignCodeDemoApp.swift in Sources */,
				1711952525ECB3FF00EAF561 /* BindingView.swift in Sources */,
				1711953D25EFB6DD00EAF561 /* SidebarView.swift in Sources */,
				17D532BF25F2277E00FAF877 /* Animal.swift in Sources */,
				1711954625EFBCD200EAF561 /* ShareSheetView.swift in Sources */,
				1711952B25ECB9ED00EAF561 /* CustomModalView.swift in Sources */,
				170D6A6525EBF27800078C22 /* ShapesView.swift in Sources */,
				17EE441725F0AD0A00CE21B2 /* ToolbarView.swift in Sources */,
				17D59B6C25F1024800D50C8C /* StaticDataView.swift in Sources */,
				1711952825ECB8CB00EAF561 /* ModalView.swift in Sources */,
				1711954325EFB9D400EAF561 /* DateFormatter.swift in Sources */,
				17B55C9125F34E9C00A05414 /* StatusBarView.swift in Sources */,
				1711953425EE81AD00EAF561 /* MaxView.swift in Sources */,
				1711953A25EFB44700EAF561 /* VideoView.swift in Sources */,
				1711953725EE845B00EAF561 /* TextView.swift in Sources */,
			);
			runOnlyForDeploymentPostprocessing = 0;
		};
/* End PBXSourcesBuildPhase section */

/* Begin XCBuildConfiguration section */
		170D6A5E25EBF26000078C22 /* Debug */ = {
			isa = XCBuildConfiguration;
			buildSettings = {
				ALWAYS_SEARCH_USER_PATHS = NO;
				CLANG_ANALYZER_NONNULL = YES;
				CLANG_ANALYZER_NUMBER_OBJECT_CONVERSION = YES_AGGRESSIVE;
				CLANG_CXX_LANGUAGE_STANDARD = "gnu++14";
				CLANG_CXX_LIBRARY = "libc++";
				CLANG_ENABLE_MODULES = YES;
				CLANG_ENABLE_OBJC_ARC = YES;
				CLANG_ENABLE_OBJC_WEAK = YES;
				CLANG_WARN_BLOCK_CAPTURE_AUTORELEASING = YES;
				CLANG_WARN_BOOL_CONVERSION = YES;
				CLANG_WARN_COMMA = YES;
				CLANG_WARN_CONSTANT_CONVERSION = YES;
				CLANG_WARN_DEPRECATED_OBJC_IMPLEMENTATIONS = YES;
				CLANG_WARN_DIRECT_OBJC_ISA_USAGE = YES_ERROR;
				CLANG_WARN_DOCUMENTATION_COMMENTS = YES;
				CLANG_WARN_EMPTY_BODY = YES;
				CLANG_WARN_ENUM_CONVERSION = YES;
				CLANG_WARN_INFINITE_RECURSION = YES;
				CLANG_WARN_INT_CONVERSION = YES;
				CLANG_WARN_NON_LITERAL_NULL_CONVERSION = YES;
				CLANG_WARN_OBJC_IMPLICIT_RETAIN_SELF = YES;
				CLANG_WARN_OBJC_LITERAL_CONVERSION = YES;
				CLANG_WARN_OBJC_ROOT_CLASS = YES_ERROR;
				CLANG_WARN_QUOTED_INCLUDE_IN_FRAMEWORK_HEADER = YES;
				CLANG_WARN_RANGE_LOOP_ANALYSIS = YES;
				CLANG_WARN_STRICT_PROTOTYPES = YES;
				CLANG_WARN_SUSPICIOUS_MOVE = YES;
				CLANG_WARN_UNGUARDED_AVAILABILITY = YES_AGGRESSIVE;
				CLANG_WARN_UNREACHABLE_CODE = YES;
				CLANG_WARN__DUPLICATE_METHOD_MATCH = YES;
				COPY_PHASE_STRIP = NO;
				DEBUG_INFORMATION_FORMAT = dwarf;
				ENABLE_STRICT_OBJC_MSGSEND = YES;
				ENABLE_TESTABILITY = YES;
				GCC_C_LANGUAGE_STANDARD = gnu11;
				GCC_DYNAMIC_NO_PIC = NO;
				GCC_NO_COMMON_BLOCKS = YES;
				GCC_OPTIMIZATION_LEVEL = 0;
				GCC_PREPROCESSOR_DEFINITIONS = (
					"DEBUG=1",
					"$(inherited)",
				);
				GCC_WARN_64_TO_32_BIT_CONVERSION = YES;
				GCC_WARN_ABOUT_RETURN_TYPE = YES_ERROR;
				GCC_WARN_UNDECLARED_SELECTOR = YES;
				GCC_WARN_UNINITIALIZED_AUTOS = YES_AGGRESSIVE;
				GCC_WARN_UNUSED_FUNCTION = YES;
				GCC_WARN_UNUSED_VARIABLE = YES;
				IPHONEOS_DEPLOYMENT_TARGET = 14.2;
				MTL_ENABLE_DEBUG_INFO = INCLUDE_SOURCE;
				MTL_FAST_MATH = YES;
				ONLY_ACTIVE_ARCH = YES;
				SDKROOT = iphoneos;
				SWIFT_ACTIVE_COMPILATION_CONDITIONS = DEBUG;
				SWIFT_OPTIMIZATION_LEVEL = "-Onone";
			};
			name = Debug;
		};
		170D6A5F25EBF26000078C22 /* Release */ = {
			isa = XCBuildConfiguration;
			buildSettings = {
				ALWAYS_SEARCH_USER_PATHS = NO;
				CLANG_ANALYZER_NONNULL = YES;
				CLANG_ANALYZER_NUMBER_OBJECT_CONVERSION = YES_AGGRESSIVE;
				CLANG_CXX_LANGUAGE_STANDARD = "gnu++14";
				CLANG_CXX_LIBRARY = "libc++";
				CLANG_ENABLE_MODULES = YES;
				CLANG_ENABLE_OBJC_ARC = YES;
				CLANG_ENABLE_OBJC_WEAK = YES;
				CLANG_WARN_BLOCK_CAPTURE_AUTORELEASING = YES;
				CLANG_WARN_BOOL_CONVERSION = YES;
				CLANG_WARN_COMMA = YES;
				CLANG_WARN_CONSTANT_CONVERSION = YES;
				CLANG_WARN_DEPRECATED_OBJC_IMPLEMENTATIONS = YES;
				CLANG_WARN_DIRECT_OBJC_ISA_USAGE = YES_ERROR;
				CLANG_WARN_DOCUMENTATION_COMMENTS = YES;
				CLANG_WARN_EMPTY_BODY = YES;
				CLANG_WARN_ENUM_CONVERSION = YES;
				CLANG_WARN_INFINITE_RECURSION = YES;
				CLANG_WARN_INT_CONVERSION = YES;
				CLANG_WARN_NON_LITERAL_NULL_CONVERSION = YES;
				CLANG_WARN_OBJC_IMPLICIT_RETAIN_SELF = YES;
				CLANG_WARN_OBJC_LITERAL_CONVERSION = YES;
				CLANG_WARN_OBJC_ROOT_CLASS = YES_ERROR;
				CLANG_WARN_QUOTED_INCLUDE_IN_FRAMEWORK_HEADER = YES;
				CLANG_WARN_RANGE_LOOP_ANALYSIS = YES;
				CLANG_WARN_STRICT_PROTOTYPES = YES;
				CLANG_WARN_SUSPICIOUS_MOVE = YES;
				CLANG_WARN_UNGUARDED_AVAILABILITY = YES_AGGRESSIVE;
				CLANG_WARN_UNREACHABLE_CODE = YES;
				CLANG_WARN__DUPLICATE_METHOD_MATCH = YES;
				COPY_PHASE_STRIP = NO;
				DEBUG_INFORMATION_FORMAT = "dwarf-with-dsym";
				ENABLE_NS_ASSERTIONS = NO;
				ENABLE_STRICT_OBJC_MSGSEND = YES;
				GCC_C_LANGUAGE_STANDARD = gnu11;
				GCC_NO_COMMON_BLOCKS = YES;
				GCC_WARN_64_TO_32_BIT_CONVERSION = YES;
				GCC_WARN_ABOUT_RETURN_TYPE = YES_ERROR;
				GCC_WARN_UNDECLARED_SELECTOR = YES;
				GCC_WARN_UNINITIALIZED_AUTOS = YES_AGGRESSIVE;
				GCC_WARN_UNUSED_FUNCTION = YES;
				GCC_WARN_UNUSED_VARIABLE = YES;
				IPHONEOS_DEPLOYMENT_TARGET = 14.2;
				MTL_ENABLE_DEBUG_INFO = NO;
				MTL_FAST_MATH = YES;
				SDKROOT = iphoneos;
				SWIFT_COMPILATION_MODE = wholemodule;
				SWIFT_OPTIMIZATION_LEVEL = "-O";
				VALIDATE_PRODUCT = YES;
			};
			name = Release;
		};
		170D6A6125EBF26000078C22 /* Debug */ = {
			isa = XCBuildConfiguration;
			buildSettings = {
				ASSETCATALOG_COMPILER_APPICON_NAME = AppIcon;
				ASSETCATALOG_COMPILER_GLOBAL_ACCENT_COLOR_NAME = AccentColor;
				CODE_SIGN_STYLE = Automatic;
				DEVELOPMENT_ASSET_PATHS = "\"DesignCodeDemo/Preview Content\"";
				DEVELOPMENT_TEAM = ZBVTD3H3K4;
				ENABLE_PREVIEWS = YES;
				INFOPLIST_FILE = DesignCodeDemo/Info.plist;
				IPHONEOS_DEPLOYMENT_TARGET = 14.0;
				LD_RUNPATH_SEARCH_PATHS = (
					"$(inherited)",
					"@executable_path/Frameworks",
				);
				PRODUCT_BUNDLE_IDENTIFIER = co.chloefermanis.DesignCodeDemo;
				PRODUCT_NAME = "$(TARGET_NAME)";
				SWIFT_VERSION = 5.0;
				TARGETED_DEVICE_FAMILY = "1,2";
			};
			name = Debug;
		};
		170D6A6225EBF26000078C22 /* Release */ = {
			isa = XCBuildConfiguration;
			buildSettings = {
				ASSETCATALOG_COMPILER_APPICON_NAME = AppIcon;
				ASSETCATALOG_COMPILER_GLOBAL_ACCENT_COLOR_NAME = AccentColor;
				CODE_SIGN_STYLE = Automatic;
				DEVELOPMENT_ASSET_PATHS = "\"DesignCodeDemo/Preview Content\"";
				DEVELOPMENT_TEAM = ZBVTD3H3K4;
				ENABLE_PREVIEWS = YES;
				INFOPLIST_FILE = DesignCodeDemo/Info.plist;
				IPHONEOS_DEPLOYMENT_TARGET = 14.0;
				LD_RUNPATH_SEARCH_PATHS = (
					"$(inherited)",
					"@executable_path/Frameworks",
				);
				PRODUCT_BUNDLE_IDENTIFIER = co.chloefermanis.DesignCodeDemo;
				PRODUCT_NAME = "$(TARGET_NAME)";
				SWIFT_VERSION = 5.0;
				TARGETED_DEVICE_FAMILY = "1,2";
			};
			name = Release;
		};
/* End XCBuildConfiguration section */

/* Begin XCConfigurationList section */
		170D6A4C25EBF25B00078C22 /* Build configuration list for PBXProject "DesignCodeDemo" */ = {
			isa = XCConfigurationList;
			buildConfigurations = (
				170D6A5E25EBF26000078C22 /* Debug */,
				170D6A5F25EBF26000078C22 /* Release */,
			);
			defaultConfigurationIsVisible = 0;
			defaultConfigurationName = Release;
		};
		170D6A6025EBF26000078C22 /* Build configuration list for PBXNativeTarget "DesignCodeDemo" */ = {
			isa = XCConfigurationList;
			buildConfigurations = (
				170D6A6125EBF26000078C22 /* Debug */,
				170D6A6225EBF26000078C22 /* Release */,
			);
			defaultConfigurationIsVisible = 0;
			defaultConfigurationName = Release;
		};
/* End XCConfigurationList section */
	};
	rootObject = 170D6A4925EBF25B00078C22 /* Project object */;
}
